
Microsoft Visual Studio Solution File, Format Version 12.00
# Visual Studio Version 17
VisualStudioVersion = 17.1.32210.238
MinimumVisualStudioVersion = 10.0.40219.1
Project("{FAE04EC0-301F-11D3-BF4B-00C04F79EFBC}") = "RazorPagesMovie", "RazorPagesMovie\RazorPagesMovie.csproj", "{DB8A13AE-049E-4ECA-A33E-D2051AD3619A}"
EndProject
Global
	GlobalSection(SolutionConfigurationPlatforms) = preSolution
		Debug|Any CPU = Debug|Any CPU
		Release|Any CPU = Release|Any CPU
	EndGlobalSection
	GlobalSection(ProjectConfigurationPlatforms) = postSolution
		{DB8A13AE-049E-4ECA-A33E-D2051AD3619A}.Debug|Any CPU.ActiveCfg = Debug|Any CPU
		{DB8A13AE-049E-4ECA-A33E-D2051AD3619A}.Debug|Any CPU.Build.0 = Debug|Any CPU
		{DB8A13AE-049E-4ECA-A33E-D2051AD3619A}.Release|Any CPU.ActiveCfg = Release|Any CPU
		{DB8A13AE-049E-4ECA-A33E-D2051AD3619A}.Release|Any CPU.Build.0 = Release|Any CPU
	EndGlobalSection
	GlobalSection(SolutionProperties) = preSolution
		HideSolutionNode = FALSE
	EndGlobalSection
	GlobalSection(ExtensibilityGlobals) = postSolution
		SolutionGuid = {1BBDC362-8F40-4D5A-9C99-9F2EF1142072}
	EndGlobalSection
EndGlobal
